
Microsoft Visual Studio Solution File, Format Version 12.00
# Visual Studio 15
VisualStudioVersion = 15.0.27130.2010
MinimumVisualStudioVersion = 10.0.40219.1
Project("{FAE04EC0-301F-11D3-BF4B-00C04F79EFBC}") = "WcaInterfaceLibrary", "WcaInterfaceLibrary\WcaInterfaceLibrary.csproj", "{4607E4C1-DCC8-48C8-83FC-58F01F36BB16}"
EndProject
Project("{FAE04EC0-301F-11D3-BF4B-00C04F79EFBC}") = "WcaDVConsole", "WcaProgrammerConsole\WcaDVConsole.csproj", "{9A657BAA-DC6D-40E7-85AE-28405E68DCC9}"
EndProject
Global
	GlobalSection(SolutionConfigurationPlatforms) = preSolution
		Debug|Any CPU = Debug|Any CPU
		Debug|Mixed Platforms = Debug|Mixed Platforms
		Debug|Win32 = Debug|Win32
		Debug|x86 = Debug|x86
		Release|Any CPU = Release|Any CPU
		Release|Mixed Platforms = Release|Mixed Platforms
		Release|Win32 = Release|Win32
		Release|x86 = Release|x86
	EndGlobalSection
	GlobalSection(ProjectConfigurationPlatforms) = postSolution
		{4607E4C1-DCC8-48C8-83FC-58F01F36BB16}.Debug|Any CPU.ActiveCfg = Debug|Any CPU
		{4607E4C1-DCC8-48C8-83FC-58F01F36BB16}.Debug|Any CPU.Build.0 = Debug|Any CPU
		{4607E4C1-DCC8-48C8-83FC-58F01F36BB16}.Debug|Mixed Platforms.ActiveCfg = Debug|Any CPU
		{4607E4C1-DCC8-48C8-83FC-58F01F36BB16}.Debug|Mixed Platforms.Build.0 = Debug|Any CPU
		{4607E4C1-DCC8-48C8-83FC-58F01F36BB16}.Debug|Win32.ActiveCfg = Debug|Any CPU
		{4607E4C1-DCC8-48C8-83FC-58F01F36BB16}.Debug|x86.ActiveCfg = Debug|Any CPU
		{4607E4C1-DCC8-48C8-83FC-58F01F36BB16}.Debug|x86.Build.0 = Debug|Any CPU
		{4607E4C1-DCC8-48C8-83FC-58F01F36BB16}.Release|Any CPU.ActiveCfg = Release|Any CPU
		{4607E4C1-DCC8-48C8-83FC-58F01F36BB16}.Release|Any CPU.Build.0 = Release|Any CPU
		{4607E4C1-DCC8-48C8-83FC-58F01F36BB16}.Release|Mixed Platforms.ActiveCfg = Release|Any CPU
		{4607E4C1-DCC8-48C8-83FC-58F01F36BB16}.Release|Mixed Platforms.Build.0 = Release|Any CPU
		{4607E4C1-DCC8-48C8-83FC-58F01F36BB16}.Release|Win32.ActiveCfg = Release|Any CPU
		{4607E4C1-DCC8-48C8-83FC-58F01F36BB16}.Release|x86.ActiveCfg = Release|Any CPU
		{4607E4C1-DCC8-48C8-83FC-58F01F36BB16}.Release|x86.Build.0 = Release|Any CPU
		{9A657BAA-DC6D-40E7-85AE-28405E68DCC9}.Debug|Any CPU.ActiveCfg = Debug|Any CPU
		{9A657BAA-DC6D-40E7-85AE-28405E68DCC9}.Debug|Any CPU.Build.0 = Debug|Any CPU
		{9A657BAA-DC6D-40E7-85AE-28405E68DCC9}.Debug|Mixed Platforms.ActiveCfg = Debug|Any CPU
		{9A657BAA-DC6D-40E7-85AE-28405E68DCC9}.Debug|Mixed Platforms.Build.0 = Debug|Any CPU
		{9A657BAA-DC6D-40E7-85AE-28405E68DCC9}.Debug|Win32.ActiveCfg = Debug|Any CPU
		{9A657BAA-DC6D-40E7-85AE-28405E68DCC9}.Debug|x86.ActiveCfg = Debug|x86
		{9A657BAA-DC6D-40E7-85AE-28405E68DCC9}.Debug|x86.Build.0 = Debug|x86
		{9A657BAA-DC6D-40E7-85AE-28405E68DCC9}.Release|Any CPU.ActiveCfg = Release|Any CPU
		{9A657BAA-DC6D-40E7-85AE-28405E68DCC9}.Release|Any CPU.Build.0 = Release|Any CPU
		{9A657BAA-DC6D-40E7-85AE-28405E68DCC9}.Release|Mixed Platforms.ActiveCfg = Release|Any CPU
		{9A657BAA-DC6D-40E7-85AE-28405E68DCC9}.Release|Mixed Platforms.Build.0 = Release|Any CPU
		{9A657BAA-DC6D-40E7-85AE-28405E68DCC9}.Release|Win32.ActiveCfg = Release|Any CPU
		{9A657BAA-DC6D-40E7-85AE-28405E68DCC9}.Release|x86.ActiveCfg = Release|x86
		{9A657BAA-DC6D-40E7-85AE-28405E68DCC9}.Release|x86.Build.0 = Release|x86
	EndGlobalSection
	GlobalSection(SolutionProperties) = preSolution
		HideSolutionNode = FALSE
	EndGlobalSection
	GlobalSection(ExtensibilityGlobals) = postSolution
		SolutionGuid = {E4466975-D33C-4C65-B6DF-0C3C83063341}
	EndGlobalSection
EndGlobal
